// !$*UTF8*$!
{
	archiveVersion = 1;
	classes = {
	};
	objectVersion = 51;
	objects = {

/* Begin PBXBuildFile section */
		BA3D105924F616550079C5A1 /* User.swift in Sources */ = {isa = PBXBuildFile; fileRef = BA3D105824F616550079C5A1 /* User.swift */; };
		BA3D105E24F647820079C5A1 /* RegisterTableViewCell.swift in Sources */ = {isa = PBXBuildFile; fileRef = BA3D105D24F647820079C5A1 /* RegisterTableViewCell.swift */; };
		BA3D106224F751500079C5A1 /* Foundation.swift in Sources */ = {isa = PBXBuildFile; fileRef = BA3D106124F751500079C5A1 /* Foundation.swift */; };
		BA3D106824F763D50079C5A1 /* UIImageView+DownloadImage.swift in Sources */ = {isa = PBXBuildFile; fileRef = BA3D106724F763D50079C5A1 /* UIImageView+DownloadImage.swift */; };
		BA3D106A24F76D2D0079C5A1 /* Router.swift in Sources */ = {isa = PBXBuildFile; fileRef = BA3D106924F76D2D0079C5A1 /* Router.swift */; };
		BA6C5A5724F79EDD00971F23 /* TrendingGithubAPI.swift in Sources */ = {isa = PBXBuildFile; fileRef = BA6C5A5624F79EDD00971F23 /* TrendingGithubAPI.swift */; };
		BA6C5A5A24F7B91400971F23 /* UserCell.swift in Sources */ = {isa = PBXBuildFile; fileRef = BA6C5A5824F7B91400971F23 /* UserCell.swift */; };
		BA6C5A5B24F7B91400971F23 /* UserCell.xib in Resources */ = {isa = PBXBuildFile; fileRef = BA6C5A5924F7B91400971F23 /* UserCell.xib */; };
		BA9C844325072E5D00B65818 /* WebviewViewController.swift in Sources */ = {isa = PBXBuildFile; fileRef = BA9C844225072E5D00B65818 /* WebviewViewController.swift */; };
		BA9C844525072FB600B65818 /* WebKit.framework in Frameworks */ = {isa = PBXBuildFile; fileRef = BA9C844425072FB600B65818 /* WebKit.framework */; };
		BA9C84472507308400B65818 /* GitHubAuthentication.swift in Sources */ = {isa = PBXBuildFile; fileRef = BA9C84462507308400B65818 /* GitHubAuthentication.swift */; };
		BA9C844A250788BA00B65818 /* MainTabBarController.swift in Sources */ = {isa = PBXBuildFile; fileRef = BA9C8449250788BA00B65818 /* MainTabBarController.swift */; };
		BA9D5BA32508CBAE00DAF998 /* Notification.swift in Sources */ = {isa = PBXBuildFile; fileRef = BA9D5BA22508CBAE00DAF998 /* Notification.swift */; };
		BA9D5BA82508D7D800DAF998 /* NotificationCell.swift in Sources */ = {isa = PBXBuildFile; fileRef = BA9D5BA62508D7D800DAF998 /* NotificationCell.swift */; };
		BA9D5BA92508D7D800DAF998 /* NotificationCell.xib in Resources */ = {isa = PBXBuildFile; fileRef = BA9D5BA72508D7D800DAF998 /* NotificationCell.xib */; };
		BAB3169825087FAF000CF50C /* SettingViewController.swift in Sources */ = {isa = PBXBuildFile; fileRef = BAB3169725087FAF000CF50C /* SettingViewController.swift */; };
		BAB3169B25088068000CF50C /* NotificationViewController.swift in Sources */ = {isa = PBXBuildFile; fileRef = BAB3169A25088068000CF50C /* NotificationViewController.swift */; };
		BAB51E5C24FC9895005A4F7D /* GithubAPI.swift in Sources */ = {isa = PBXBuildFile; fileRef = BAB51E5B24FC9895005A4F7D /* GithubAPI.swift */; };
		BAB51E6124FDFD04005A4F7D /* RepositoryViewController.swift in Sources */ = {isa = PBXBuildFile; fileRef = BAB51E6024FDFD04005A4F7D /* RepositoryViewController.swift */; };
		BAB51E6324FDFDDD005A4F7D /* StoryboardIdentifier.swift in Sources */ = {isa = PBXBuildFile; fileRef = BAB51E6224FDFDDD005A4F7D /* StoryboardIdentifier.swift */; };
		BAB51E6624FE26D1005A4F7D /* DetailCell.swift in Sources */ = {isa = PBXBuildFile; fileRef = BAB51E6424FE26D1005A4F7D /* DetailCell.swift */; };
		BAB51E6724FE26D1005A4F7D /* DetailCell.xib in Resources */ = {isa = PBXBuildFile; fileRef = BAB51E6524FE26D1005A4F7D /* DetailCell.xib */; };
		BAB51E6924FE3DF2005A4F7D /* ImageName.swift in Sources */ = {isa = PBXBuildFile; fileRef = BAB51E6824FE3DF2005A4F7D /* ImageName.swift */; };
		BAB786FB24F8A6FF002779B2 /* LanguageViewController.swift in Sources */ = {isa = PBXBuildFile; fileRef = BAB786FA24F8A6FF002779B2 /* LanguageViewController.swift */; };
		BAB7870024F8AB11002779B2 /* LanguageCell.swift in Sources */ = {isa = PBXBuildFile; fileRef = BAB786FE24F8AB11002779B2 /* LanguageCell.swift */; };
		BAB7870124F8AB11002779B2 /* LanguageCell.xib in Resources */ = {isa = PBXBuildFile; fileRef = BAB786FF24F8AB11002779B2 /* LanguageCell.xib */; };
		BAB7870324F8B453002779B2 /* Language.swift in Sources */ = {isa = PBXBuildFile; fileRef = BAB7870224F8B453002779B2 /* Language.swift */; };
		BAB7870824F8F43F002779B2 /* LoadingCell.swift in Sources */ = {isa = PBXBuildFile; fileRef = BAB7870624F8F43F002779B2 /* LoadingCell.swift */; };
		BAB7870924F8F43F002779B2 /* LoadingCell.xib in Resources */ = {isa = PBXBuildFile; fileRef = BAB7870724F8F43F002779B2 /* LoadingCell.xib */; };
		BAB7870C24F91367002779B2 /* UIViewController.swift in Sources */ = {isa = PBXBuildFile; fileRef = BAB7870B24F91367002779B2 /* UIViewController.swift */; };
		BAB7870F24F91619002779B2 /* NoResultCell.swift in Sources */ = {isa = PBXBuildFile; fileRef = BAB7870D24F91619002779B2 /* NoResultCell.swift */; };
		BAB7871024F91619002779B2 /* NoResultCell.xib in Resources */ = {isa = PBXBuildFile; fileRef = BAB7870E24F91619002779B2 /* NoResultCell.xib */; };
		BAB8542F2505D27100ABDD49 /* WatchingViewController.swift in Sources */ = {isa = PBXBuildFile; fileRef = BAB8542E2505D27100ABDD49 /* WatchingViewController.swift */; };
		BAB854312505DF5300ABDD49 /* UserEventViewController.swift in Sources */ = {isa = PBXBuildFile; fileRef = BAB854302505DF5300ABDD49 /* UserEventViewController.swift */; };
		BABE48702500A2CF00A5AB12 /* UserViewController.swift in Sources */ = {isa = PBXBuildFile; fileRef = BABE486F2500A2CF00A5AB12 /* UserViewController.swift */; };
		BABE48732500C77A00A5AB12 /* UINavigationItem.swift in Sources */ = {isa = PBXBuildFile; fileRef = BABE48722500C77A00A5AB12 /* UINavigationItem.swift */; };
		BABE48752500D87800A5AB12 /* Issue.swift in Sources */ = {isa = PBXBuildFile; fileRef = BABE48742500D87800A5AB12 /* Issue.swift */; };
		BABE48772500DB4E00A5AB12 /* State.swift in Sources */ = {isa = PBXBuildFile; fileRef = BABE48762500DB4E00A5AB12 /* State.swift */; };
		BABE48792500DB8A00A5AB12 /* PullRequest.swift in Sources */ = {isa = PBXBuildFile; fileRef = BABE48782500DB8A00A5AB12 /* PullRequest.swift */; };
		BABE487C2500DBFF00A5AB12 /* IssueViewController.swift in Sources */ = {isa = PBXBuildFile; fileRef = BABE487B2500DBFF00A5AB12 /* IssueViewController.swift */; };
		BABE487F2500DC3700A5AB12 /* IssueCell.swift in Sources */ = {isa = PBXBuildFile; fileRef = BABE487D2500DC3700A5AB12 /* IssueCell.swift */; };
		BABE48802500DC3700A5AB12 /* IssueCell.xib in Resources */ = {isa = PBXBuildFile; fileRef = BABE487E2500DC3700A5AB12 /* IssueCell.xib */; };
		BABE48842501EA3F00A5AB12 /* PullRequestCell.swift in Sources */ = {isa = PBXBuildFile; fileRef = BABE48822501EA3F00A5AB12 /* PullRequestCell.swift */; };
		BABE48852501EA3F00A5AB12 /* PullRequestCell.xib in Resources */ = {isa = PBXBuildFile; fileRef = BABE48832501EA3F00A5AB12 /* PullRequestCell.xib */; };
		BABE48872501EA5700A5AB12 /* PullRequestViewController.swift in Sources */ = {isa = PBXBuildFile; fileRef = BABE48862501EA5700A5AB12 /* PullRequestViewController.swift */; };
		BAC5D28E24F3C13800A731F0 /* AppDelegate.swift in Sources */ = {isa = PBXBuildFile; fileRef = BAC5D28D24F3C13800A731F0 /* AppDelegate.swift */; };
		BAC5D29024F3C13800A731F0 /* SceneDelegate.swift in Sources */ = {isa = PBXBuildFile; fileRef = BAC5D28F24F3C13800A731F0 /* SceneDelegate.swift */; };
		BAC5D29224F3C13800A731F0 /* SearchViewController.swift in Sources */ = {isa = PBXBuildFile; fileRef = BAC5D29124F3C13800A731F0 /* SearchViewController.swift */; };
		BAC5D29424F3C13800A731F0 /* LoginViewController.swift in Sources */ = {isa = PBXBuildFile; fileRef = BAC5D29324F3C13800A731F0 /* LoginViewController.swift */; };
		BAC5D29724F3C13800A731F0 /* Main.storyboard in Resources */ = {isa = PBXBuildFile; fileRef = BAC5D29524F3C13800A731F0 /* Main.storyboard */; };
		BAC5D29924F3C13B00A731F0 /* Assets.xcassets in Resources */ = {isa = PBXBuildFile; fileRef = BAC5D29824F3C13B00A731F0 /* Assets.xcassets */; };
		BAC5D29C24F3C13B00A731F0 /* LaunchScreen.storyboard in Resources */ = {isa = PBXBuildFile; fileRef = BAC5D29A24F3C13B00A731F0 /* LaunchScreen.storyboard */; };
		BAC5D2AC24F5215D00A731F0 /* Icons.xcassets in Resources */ = {isa = PBXBuildFile; fileRef = BAC5D2AB24F5215D00A731F0 /* Icons.xcassets */; };
		BAD3886C24F60A790045C10E /* RepositoryCell.swift in Sources */ = {isa = PBXBuildFile; fileRef = BAD3886A24F60A790045C10E /* RepositoryCell.swift */; };
		BAD3886D24F60A790045C10E /* RepositoryCell.xib in Resources */ = {isa = PBXBuildFile; fileRef = BAD3886B24F60A790045C10E /* RepositoryCell.xib */; };
		BAD3887024F60B830045C10E /* Repository.swift in Sources */ = {isa = PBXBuildFile; fileRef = BAD3886F24F60B830045C10E /* Repository.swift */; };
		BAFF23582501F48E00843E38 /* Commit.swift in Sources */ = {isa = PBXBuildFile; fileRef = BAFF23572501F48E00843E38 /* Commit.swift */; };
		BAFF235A2501F4C600843E38 /* Committer.swift in Sources */ = {isa = PBXBuildFile; fileRef = BAFF23592501F4C600843E38 /* Committer.swift */; };
		BAFF235D2501F64200843E38 /* CommitViewController.swift in Sources */ = {isa = PBXBuildFile; fileRef = BAFF235C2501F64200843E38 /* CommitViewController.swift */; };
		BAFF23602501F65F00843E38 /* CommitCell.swift in Sources */ = {isa = PBXBuildFile; fileRef = BAFF235E2501F65F00843E38 /* CommitCell.swift */; };
		BAFF23612501F65F00843E38 /* CommitCell.xib in Resources */ = {isa = PBXBuildFile; fileRef = BAFF235F2501F65F00843E38 /* CommitCell.xib */; };
		BAFF2364250221C600843E38 /* BranchViewController.swift in Sources */ = {isa = PBXBuildFile; fileRef = BAFF2363250221C600843E38 /* BranchViewController.swift */; };
		BAFF2366250226F600843E38 /* Branch.swift in Sources */ = {isa = PBXBuildFile; fileRef = BAFF2365250226F600843E38 /* Branch.swift */; };
		BAFF236925022F5700843E38 /* ReleaseViewController.swift in Sources */ = {isa = PBXBuildFile; fileRef = BAFF236825022F5700843E38 /* ReleaseViewController.swift */; };
		BAFF236C25022F7C00843E38 /* ReleaseCell.swift in Sources */ = {isa = PBXBuildFile; fileRef = BAFF236A25022F7C00843E38 /* ReleaseCell.swift */; };
		BAFF236D25022F7C00843E38 /* ReleaseCell.xib in Resources */ = {isa = PBXBuildFile; fileRef = BAFF236B25022F7C00843E38 /* ReleaseCell.xib */; };
		BAFF236F250231B200843E38 /* Release.swift in Sources */ = {isa = PBXBuildFile; fileRef = BAFF236E250231B200843E38 /* Release.swift */; };
		BAFF23732502380400843E38 /* ContributorCell.swift in Sources */ = {isa = PBXBuildFile; fileRef = BAFF23712502380300843E38 /* ContributorCell.swift */; };
		BAFF23742502380400843E38 /* ContributorCell.xib in Resources */ = {isa = PBXBuildFile; fileRef = BAFF23722502380300843E38 /* ContributorCell.xib */; };
		BAFF23762502381A00843E38 /* ContributorViewController.swift in Sources */ = {isa = PBXBuildFile; fileRef = BAFF23752502381A00843E38 /* ContributorViewController.swift */; };
		BAFF23792502408900843E38 /* RepositoryEventViewController.swift in Sources */ = {isa = PBXBuildFile; fileRef = BAFF23782502408900843E38 /* RepositoryEventViewController.swift */; };
		BAFF237E2502438F00843E38 /* Event.swift in Sources */ = {isa = PBXBuildFile; fileRef = BAFF237D2502438F00843E38 /* Event.swift */; };
		BAFF2380250243F400843E38 /* Comment.swift in Sources */ = {isa = PBXBuildFile; fileRef = BAFF237F250243F400843E38 /* Comment.swift */; };
		BAFF238525024D4A00843E38 /* EventCell.swift in Sources */ = {isa = PBXBuildFile; fileRef = BAFF238325024D4A00843E38 /* EventCell.swift */; };
		BAFF238625024D4A00843E38 /* EventCell.xib in Resources */ = {isa = PBXBuildFile; fileRef = BAFF238425024D4A00843E38 /* EventCell.xib */; };
		BAFF23892502562200843E38 /* StarViewController.swift in Sources */ = {isa = PBXBuildFile; fileRef = BAFF23882502562200843E38 /* StarViewController.swift */; };
		D2C57271620F948D548D8370 /* Pods_SwifthubTPS.framework in Frameworks */ = {isa = PBXBuildFile; fileRef = 63707A75F85459E1CFD893CA /* Pods_SwifthubTPS.framework */; };
/* End PBXBuildFile section */

/* Begin PBXFileReference section */
		29EE408D9F0E788EDF35D898 /* Pods-SwifthubTPS.release.xcconfig */ = {isa = PBXFileReference; includeInIndex = 1; lastKnownFileType = text.xcconfig; name = "Pods-SwifthubTPS.release.xcconfig"; path = "Target Support Files/Pods-SwifthubTPS/Pods-SwifthubTPS.release.xcconfig"; sourceTree = "<group>"; };
		63707A75F85459E1CFD893CA /* Pods_SwifthubTPS.framework */ = {isa = PBXFileReference; explicitFileType = wrapper.framework; includeInIndex = 0; path = Pods_SwifthubTPS.framework; sourceTree = BUILT_PRODUCTS_DIR; };
		AD005EBAC607AE0125388ABD /* Pods-SwifthubTPS.debug.xcconfig */ = {isa = PBXFileReference; includeInIndex = 1; lastKnownFileType = text.xcconfig; name = "Pods-SwifthubTPS.debug.xcconfig"; path = "Target Support Files/Pods-SwifthubTPS/Pods-SwifthubTPS.debug.xcconfig"; sourceTree = "<group>"; };
		BA3D105824F616550079C5A1 /* User.swift */ = {isa = PBXFileReference; lastKnownFileType = sourcecode.swift; path = User.swift; sourceTree = "<group>"; };
		BA3D105D24F647820079C5A1 /* RegisterTableViewCell.swift */ = {isa = PBXFileReference; lastKnownFileType = sourcecode.swift; path = RegisterTableViewCell.swift; sourceTree = "<group>"; };
		BA3D106124F751500079C5A1 /* Foundation.swift */ = {isa = PBXFileReference; lastKnownFileType = sourcecode.swift; path = Foundation.swift; sourceTree = "<group>"; };
		BA3D106724F763D50079C5A1 /* UIImageView+DownloadImage.swift */ = {isa = PBXFileReference; lastKnownFileType = sourcecode.swift; path = "UIImageView+DownloadImage.swift"; sourceTree = "<group>"; };
		BA3D106924F76D2D0079C5A1 /* Router.swift */ = {isa = PBXFileReference; lastKnownFileType = sourcecode.swift; path = Router.swift; sourceTree = "<group>"; };
		BA6C5A5624F79EDD00971F23 /* TrendingGithubAPI.swift */ = {isa = PBXFileReference; lastKnownFileType = sourcecode.swift; path = TrendingGithubAPI.swift; sourceTree = "<group>"; };
		BA6C5A5824F7B91400971F23 /* UserCell.swift */ = {isa = PBXFileReference; lastKnownFileType = sourcecode.swift; path = UserCell.swift; sourceTree = "<group>"; };
		BA6C5A5924F7B91400971F23 /* UserCell.xib */ = {isa = PBXFileReference; lastKnownFileType = file.xib; path = UserCell.xib; sourceTree = "<group>"; };
		BA9C844225072E5D00B65818 /* WebviewViewController.swift */ = {isa = PBXFileReference; lastKnownFileType = sourcecode.swift; path = WebviewViewController.swift; sourceTree = "<group>"; };
		BA9C844425072FB600B65818 /* WebKit.framework */ = {isa = PBXFileReference; lastKnownFileType = wrapper.framework; name = WebKit.framework; path = System/Library/Frameworks/WebKit.framework; sourceTree = SDKROOT; };
		BA9C84462507308400B65818 /* GitHubAuthentication.swift */ = {isa = PBXFileReference; lastKnownFileType = sourcecode.swift; path = GitHubAuthentication.swift; sourceTree = "<group>"; };
		BA9C8449250788BA00B65818 /* MainTabBarController.swift */ = {isa = PBXFileReference; lastKnownFileType = sourcecode.swift; path = MainTabBarController.swift; sourceTree = "<group>"; };
		BA9D5BA22508CBAE00DAF998 /* Notification.swift */ = {isa = PBXFileReference; lastKnownFileType = sourcecode.swift; path = Notification.swift; sourceTree = "<group>"; };
		BA9D5BA62508D7D800DAF998 /* NotificationCell.swift */ = {isa = PBXFileReference; lastKnownFileType = sourcecode.swift; path = NotificationCell.swift; sourceTree = "<group>"; };
		BA9D5BA72508D7D800DAF998 /* NotificationCell.xib */ = {isa = PBXFileReference; lastKnownFileType = file.xib; path = NotificationCell.xib; sourceTree = "<group>"; };
		BAB3169725087FAF000CF50C /* SettingViewController.swift */ = {isa = PBXFileReference; lastKnownFileType = sourcecode.swift; path = SettingViewController.swift; sourceTree = "<group>"; };
		BAB3169A25088068000CF50C /* NotificationViewController.swift */ = {isa = PBXFileReference; lastKnownFileType = sourcecode.swift; path = NotificationViewController.swift; sourceTree = "<group>"; };
		BAB51E5B24FC9895005A4F7D /* GithubAPI.swift */ = {isa = PBXFileReference; lastKnownFileType = sourcecode.swift; path = GithubAPI.swift; sourceTree = "<group>"; };
		BAB51E6024FDFD04005A4F7D /* RepositoryViewController.swift */ = {isa = PBXFileReference; lastKnownFileType = sourcecode.swift; path = RepositoryViewController.swift; sourceTree = "<group>"; };
		BAB51E6224FDFDDD005A4F7D /* StoryboardIdentifier.swift */ = {isa = PBXFileReference; lastKnownFileType = sourcecode.swift; path = StoryboardIdentifier.swift; sourceTree = "<group>"; };
		BAB51E6424FE26D1005A4F7D /* DetailCell.swift */ = {isa = PBXFileReference; lastKnownFileType = sourcecode.swift; path = DetailCell.swift; sourceTree = "<group>"; };
		BAB51E6524FE26D1005A4F7D /* DetailCell.xib */ = {isa = PBXFileReference; lastKnownFileType = file.xib; path = DetailCell.xib; sourceTree = "<group>"; };
		BAB51E6824FE3DF2005A4F7D /* ImageName.swift */ = {isa = PBXFileReference; lastKnownFileType = sourcecode.swift; path = ImageName.swift; sourceTree = "<group>"; };
		BAB786FA24F8A6FF002779B2 /* LanguageViewController.swift */ = {isa = PBXFileReference; lastKnownFileType = sourcecode.swift; path = LanguageViewController.swift; sourceTree = "<group>"; };
		BAB786FE24F8AB11002779B2 /* LanguageCell.swift */ = {isa = PBXFileReference; lastKnownFileType = sourcecode.swift; path = LanguageCell.swift; sourceTree = "<group>"; };
		BAB786FF24F8AB11002779B2 /* LanguageCell.xib */ = {isa = PBXFileReference; lastKnownFileType = file.xib; path = LanguageCell.xib; sourceTree = "<group>"; };
		BAB7870224F8B453002779B2 /* Language.swift */ = {isa = PBXFileReference; lastKnownFileType = sourcecode.swift; path = Language.swift; sourceTree = "<group>"; };
		BAB7870624F8F43F002779B2 /* LoadingCell.swift */ = {isa = PBXFileReference; lastKnownFileType = sourcecode.swift; path = LoadingCell.swift; sourceTree = "<group>"; };
		BAB7870724F8F43F002779B2 /* LoadingCell.xib */ = {isa = PBXFileReference; lastKnownFileType = file.xib; path = LoadingCell.xib; sourceTree = "<group>"; };
		BAB7870B24F91367002779B2 /* UIViewController.swift */ = {isa = PBXFileReference; lastKnownFileType = sourcecode.swift; path = UIViewController.swift; sourceTree = "<group>"; };
		BAB7870D24F91619002779B2 /* NoResultCell.swift */ = {isa = PBXFileReference; lastKnownFileType = sourcecode.swift; path = NoResultCell.swift; sourceTree = "<group>"; };
		BAB7870E24F91619002779B2 /* NoResultCell.xib */ = {isa = PBXFileReference; lastKnownFileType = file.xib; path = NoResultCell.xib; sourceTree = "<group>"; };
		BAB8542E2505D27100ABDD49 /* WatchingViewController.swift */ = {isa = PBXFileReference; lastKnownFileType = sourcecode.swift; path = WatchingViewController.swift; sourceTree = "<group>"; };
		BAB854302505DF5300ABDD49 /* UserEventViewController.swift */ = {isa = PBXFileReference; lastKnownFileType = sourcecode.swift; path = UserEventViewController.swift; sourceTree = "<group>"; };
		BABE486F2500A2CF00A5AB12 /* UserViewController.swift */ = {isa = PBXFileReference; lastKnownFileType = sourcecode.swift; path = UserViewController.swift; sourceTree = "<group>"; };
		BABE48722500C77A00A5AB12 /* UINavigationItem.swift */ = {isa = PBXFileReference; lastKnownFileType = sourcecode.swift; path = UINavigationItem.swift; sourceTree = "<group>"; };
		BABE48742500D87800A5AB12 /* Issue.swift */ = {isa = PBXFileReference; lastKnownFileType = sourcecode.swift; path = Issue.swift; sourceTree = "<group>"; };
		BABE48762500DB4E00A5AB12 /* State.swift */ = {isa = PBXFileReference; lastKnownFileType = sourcecode.swift; path = State.swift; sourceTree = "<group>"; };
		BABE48782500DB8A00A5AB12 /* PullRequest.swift */ = {isa = PBXFileReference; lastKnownFileType = sourcecode.swift; path = PullRequest.swift; sourceTree = "<group>"; };
		BABE487B2500DBFF00A5AB12 /* IssueViewController.swift */ = {isa = PBXFileReference; lastKnownFileType = sourcecode.swift; path = IssueViewController.swift; sourceTree = "<group>"; };
		BABE487D2500DC3700A5AB12 /* IssueCell.swift */ = {isa = PBXFileReference; lastKnownFileType = sourcecode.swift; path = IssueCell.swift; sourceTree = "<group>"; };
		BABE487E2500DC3700A5AB12 /* IssueCell.xib */ = {isa = PBXFileReference; lastKnownFileType = file.xib; path = IssueCell.xib; sourceTree = "<group>"; };
		BABE48822501EA3F00A5AB12 /* PullRequestCell.swift */ = {isa = PBXFileReference; lastKnownFileType = sourcecode.swift; path = PullRequestCell.swift; sourceTree = "<group>"; };
		BABE48832501EA3F00A5AB12 /* PullRequestCell.xib */ = {isa = PBXFileReference; lastKnownFileType = file.xib; path = PullRequestCell.xib; sourceTree = "<group>"; };
		BABE48862501EA5700A5AB12 /* PullRequestViewController.swift */ = {isa = PBXFileReference; lastKnownFileType = sourcecode.swift; path = PullRequestViewController.swift; sourceTree = "<group>"; };
		BAC5D28A24F3C13800A731F0 /* SwifthubTPS.app */ = {isa = PBXFileReference; explicitFileType = wrapper.application; includeInIndex = 0; path = SwifthubTPS.app; sourceTree = BUILT_PRODUCTS_DIR; };
		BAC5D28D24F3C13800A731F0 /* AppDelegate.swift */ = {isa = PBXFileReference; lastKnownFileType = sourcecode.swift; path = AppDelegate.swift; sourceTree = "<group>"; };
		BAC5D28F24F3C13800A731F0 /* SceneDelegate.swift */ = {isa = PBXFileReference; lastKnownFileType = sourcecode.swift; path = SceneDelegate.swift; sourceTree = "<group>"; };
		BAC5D29124F3C13800A731F0 /* SearchViewController.swift */ = {isa = PBXFileReference; lastKnownFileType = sourcecode.swift; path = SearchViewController.swift; sourceTree = "<group>"; };
		BAC5D29324F3C13800A731F0 /* LoginViewController.swift */ = {isa = PBXFileReference; lastKnownFileType = sourcecode.swift; path = LoginViewController.swift; sourceTree = "<group>"; };
		BAC5D29624F3C13800A731F0 /* Base */ = {isa = PBXFileReference; lastKnownFileType = file.storyboard; name = Base; path = Base.lproj/Main.storyboard; sourceTree = "<group>"; };
		BAC5D29824F3C13B00A731F0 /* Assets.xcassets */ = {isa = PBXFileReference; lastKnownFileType = folder.assetcatalog; path = Assets.xcassets; sourceTree = "<group>"; };
		BAC5D29B24F3C13B00A731F0 /* Base */ = {isa = PBXFileReference; lastKnownFileType = file.storyboard; name = Base; path = Base.lproj/LaunchScreen.storyboard; sourceTree = "<group>"; };
		BAC5D29D24F3C13B00A731F0 /* Info.plist */ = {isa = PBXFileReference; lastKnownFileType = text.plist.xml; path = Info.plist; sourceTree = "<group>"; };
		BAC5D2AB24F5215D00A731F0 /* Icons.xcassets */ = {isa = PBXFileReference; lastKnownFileType = folder.assetcatalog; path = Icons.xcassets; sourceTree = "<group>"; };
		BAD3886A24F60A790045C10E /* RepositoryCell.swift */ = {isa = PBXFileReference; lastKnownFileType = sourcecode.swift; path = RepositoryCell.swift; sourceTree = "<group>"; };
		BAD3886B24F60A790045C10E /* RepositoryCell.xib */ = {isa = PBXFileReference; lastKnownFileType = file.xib; path = RepositoryCell.xib; sourceTree = "<group>"; };
		BAD3886F24F60B830045C10E /* Repository.swift */ = {isa = PBXFileReference; lastKnownFileType = sourcecode.swift; path = Repository.swift; sourceTree = "<group>"; };
		BAFF23572501F48E00843E38 /* Commit.swift */ = {isa = PBXFileReference; lastKnownFileType = sourcecode.swift; path = Commit.swift; sourceTree = "<group>"; };
		BAFF23592501F4C600843E38 /* Committer.swift */ = {isa = PBXFileReference; lastKnownFileType = sourcecode.swift; path = Committer.swift; sourceTree = "<group>"; };
		BAFF235C2501F64200843E38 /* CommitViewController.swift */ = {isa = PBXFileReference; lastKnownFileType = sourcecode.swift; path = CommitViewController.swift; sourceTree = "<group>"; };
		BAFF235E2501F65F00843E38 /* CommitCell.swift */ = {isa = PBXFileReference; lastKnownFileType = sourcecode.swift; path = CommitCell.swift; sourceTree = "<group>"; };
		BAFF235F2501F65F00843E38 /* CommitCell.xib */ = {isa = PBXFileReference; lastKnownFileType = file.xib; path = CommitCell.xib; sourceTree = "<group>"; };
		BAFF2363250221C600843E38 /* BranchViewController.swift */ = {isa = PBXFileReference; lastKnownFileType = sourcecode.swift; path = BranchViewController.swift; sourceTree = "<group>"; };
		BAFF2365250226F600843E38 /* Branch.swift */ = {isa = PBXFileReference; lastKnownFileType = sourcecode.swift; path = Branch.swift; sourceTree = "<group>"; };
		BAFF236825022F5700843E38 /* ReleaseViewController.swift */ = {isa = PBXFileReference; lastKnownFileType = sourcecode.swift; path = ReleaseViewController.swift; sourceTree = "<group>"; };
		BAFF236A25022F7C00843E38 /* ReleaseCell.swift */ = {isa = PBXFileReference; lastKnownFileType = sourcecode.swift; path = ReleaseCell.swift; sourceTree = "<group>"; };
		BAFF236B25022F7C00843E38 /* ReleaseCell.xib */ = {isa = PBXFileReference; lastKnownFileType = file.xib; path = ReleaseCell.xib; sourceTree = "<group>"; };
		BAFF236E250231B200843E38 /* Release.swift */ = {isa = PBXFileReference; lastKnownFileType = sourcecode.swift; path = Release.swift; sourceTree = "<group>"; };
		BAFF23712502380300843E38 /* ContributorCell.swift */ = {isa = PBXFileReference; lastKnownFileType = sourcecode.swift; path = ContributorCell.swift; sourceTree = "<group>"; };
		BAFF23722502380300843E38 /* ContributorCell.xib */ = {isa = PBXFileReference; lastKnownFileType = file.xib; path = ContributorCell.xib; sourceTree = "<group>"; };
		BAFF23752502381A00843E38 /* ContributorViewController.swift */ = {isa = PBXFileReference; lastKnownFileType = sourcecode.swift; path = ContributorViewController.swift; sourceTree = "<group>"; };
		BAFF23782502408900843E38 /* RepositoryEventViewController.swift */ = {isa = PBXFileReference; lastKnownFileType = sourcecode.swift; path = RepositoryEventViewController.swift; sourceTree = "<group>"; };
		BAFF237D2502438F00843E38 /* Event.swift */ = {isa = PBXFileReference; lastKnownFileType = sourcecode.swift; path = Event.swift; sourceTree = "<group>"; };
		BAFF237F250243F400843E38 /* Comment.swift */ = {isa = PBXFileReference; lastKnownFileType = sourcecode.swift; path = Comment.swift; sourceTree = "<group>"; };
		BAFF238325024D4A00843E38 /* EventCell.swift */ = {isa = PBXFileReference; lastKnownFileType = sourcecode.swift; path = EventCell.swift; sourceTree = "<group>"; };
		BAFF238425024D4A00843E38 /* EventCell.xib */ = {isa = PBXFileReference; lastKnownFileType = file.xib; path = EventCell.xib; sourceTree = "<group>"; };
		BAFF23882502562200843E38 /* StarViewController.swift */ = {isa = PBXFileReference; lastKnownFileType = sourcecode.swift; path = StarViewController.swift; sourceTree = "<group>"; };
/* End PBXFileReference section */

/* Begin PBXFrameworksBuildPhase section */
		BAC5D28724F3C13800A731F0 /* Frameworks */ = {
			isa = PBXFrameworksBuildPhase;
			buildActionMask = 2147483647;
			files = (
				BA9C844525072FB600B65818 /* WebKit.framework in Frameworks */,
				D2C57271620F948D548D8370 /* Pods_SwifthubTPS.framework in Frameworks */,
			);
			runOnlyForDeploymentPostprocessing = 0;
		};
/* End PBXFrameworksBuildPhase section */

/* Begin PBXGroup section */
		2F3103FAEF1E6F39D7679279 /* Pods */ = {
			isa = PBXGroup;
			children = (
				AD005EBAC607AE0125388ABD /* Pods-SwifthubTPS.debug.xcconfig */,
				29EE408D9F0E788EDF35D898 /* Pods-SwifthubTPS.release.xcconfig */,
			);
			path = Pods;
			sourceTree = "<group>";
		};
		B0EAF795F3E1B244252E4A62 /* Frameworks */ = {
			isa = PBXGroup;
			children = (
				BA9C844425072FB600B65818 /* WebKit.framework */,
				63707A75F85459E1CFD893CA /* Pods_SwifthubTPS.framework */,
			);
			name = Frameworks;
			sourceTree = "<group>";
		};
		BA3D105A24F61FF10079C5A1 /* Login */ = {
			isa = PBXGroup;
			children = (
				BAC5D29324F3C13800A731F0 /* LoginViewController.swift */,
				BA9C844225072E5D00B65818 /* WebviewViewController.swift */,
			);
			path = Login;
			sourceTree = "<group>";
		};
		BA3D105B24F61FFE0079C5A1 /* Setting */ = {
			isa = PBXGroup;
			children = (
				BAB3169725087FAF000CF50C /* SettingViewController.swift */,
			);
			path = Setting;
			sourceTree = "<group>";
		};
		BA3D105C24F620530079C5A1 /* Networking */ = {
			isa = PBXGroup;
			children = (
				BA9C84462507308400B65818 /* GitHubAuthentication.swift */,
				BAB51E5B24FC9895005A4F7D /* GithubAPI.swift */,
				BA3D106924F76D2D0079C5A1 /* Router.swift */,
				BA6C5A5624F79EDD00971F23 /* TrendingGithubAPI.swift */,
			);
			path = Networking;
			sourceTree = "<group>";
		};
		BA3D105F24F750FC0079C5A1 /* Extensions */ = {
			isa = PBXGroup;
			children = (
				BAB854322506237400ABDD49 /* UIView */,
				BABE48712500C73E00A5AB12 /* UINavigationItem */,
				BAB7870A24F9134D002779B2 /* UIViewController */,
				BA3D106624F763BE0079C5A1 /* UIImageView */,
				BA3D106024F751290079C5A1 /* Foundation */,
			);
			path = Extensions;
			sourceTree = "<group>";
		};
		BA3D106024F751290079C5A1 /* Foundation */ = {
			isa = PBXGroup;
			children = (
				BA3D106124F751500079C5A1 /* Foundation.swift */,
			);
			path = Foundation;
			sourceTree = "<group>";
		};
		BA3D106624F763BE0079C5A1 /* UIImageView */ = {
			isa = PBXGroup;
			children = (
				BA3D106724F763D50079C5A1 /* UIImageView+DownloadImage.swift */,
			);
			path = UIImageView;
			sourceTree = "<group>";
		};
		BA9C84482507884E00B65818 /* Tab Bar Controller */ = {
			isa = PBXGroup;
			children = (
				BA9C8449250788BA00B65818 /* MainTabBarController.swift */,
			);
			path = "Tab Bar Controller";
			sourceTree = "<group>";
		};
		BAB3169925088043000CF50C /* Notification */ = {
			isa = PBXGroup;
			children = (
				BAB3169A25088068000CF50C /* NotificationViewController.swift */,
				BA9D5BA62508D7D800DAF998 /* NotificationCell.swift */,
				BA9D5BA72508D7D800DAF998 /* NotificationCell.xib */,
			);
			path = Notification;
			sourceTree = "<group>";
		};
		BAB51E5F24FDFC26005A4F7D /* Repository */ = {
			isa = PBXGroup;
			children = (
				BAB51E6024FDFD04005A4F7D /* RepositoryViewController.swift */,
			);
			path = Repository;
			sourceTree = "<group>";
		};
		BAB786F924F8A6CE002779B2 /* Language */ = {
			isa = PBXGroup;
			children = (
				BAB786FA24F8A6FF002779B2 /* LanguageViewController.swift */,
				BAB786FE24F8AB11002779B2 /* LanguageCell.swift */,
				BAB786FF24F8AB11002779B2 /* LanguageCell.xib */,
			);
			path = Language;
			sourceTree = "<group>";
		};
		BAB7870424F8F419002779B2 /* Commons */ = {
			isa = PBXGroup;
			children = (
				BA9C84482507884E00B65818 /* Tab Bar Controller */,
				BAB7870524F8F423002779B2 /* Table Cell */,
			);
			path = Commons;
			sourceTree = "<group>";
		};
		BAB7870524F8F423002779B2 /* Table Cell */ = {
			isa = PBXGroup;
			children = (
				BAB7870624F8F43F002779B2 /* LoadingCell.swift */,
				BAB7870724F8F43F002779B2 /* LoadingCell.xib */,
				BAB7870D24F91619002779B2 /* NoResultCell.swift */,
				BAB7870E24F91619002779B2 /* NoResultCell.xib */,
				BAB51E6424FE26D1005A4F7D /* DetailCell.swift */,
				BAB51E6524FE26D1005A4F7D /* DetailCell.xib */,
			);
			path = "Table Cell";
			sourceTree = "<group>";
		};
		BAB7870A24F9134D002779B2 /* UIViewController */ = {
			isa = PBXGroup;
			children = (
				BAB7870B24F91367002779B2 /* UIViewController.swift */,
			);
			path = UIViewController;
			sourceTree = "<group>";
		};
		BAB8542D2505D23F00ABDD49 /* Watching */ = {
			isa = PBXGroup;
			children = (
				BAB8542E2505D27100ABDD49 /* WatchingViewController.swift */,
			);
			path = Watching;
			sourceTree = "<group>";
		};
		BAB854322506237400ABDD49 /* UIView */ = {
			isa = PBXGroup;
			children = (
			);
			path = UIView;
			sourceTree = "<group>";
		};
		BABE486E2500A29800A5AB12 /* User */ = {
			isa = PBXGroup;
			children = (
				BABE486F2500A2CF00A5AB12 /* UserViewController.swift */,
			);
			path = User;
			sourceTree = "<group>";
		};
		BABE48712500C73E00A5AB12 /* UINavigationItem */ = {
			isa = PBXGroup;
			children = (
				BABE48722500C77A00A5AB12 /* UINavigationItem.swift */,
			);
			path = UINavigationItem;
			sourceTree = "<group>";
		};
		BABE487A2500DBE400A5AB12 /* Issue */ = {
			isa = PBXGroup;
			children = (
				BABE487B2500DBFF00A5AB12 /* IssueViewController.swift */,
				BABE487D2500DC3700A5AB12 /* IssueCell.swift */,
				BABE487E2500DC3700A5AB12 /* IssueCell.xib */,
			);
			path = Issue;
			sourceTree = "<group>";
		};
		BABE48812501EA0200A5AB12 /* Pull Request */ = {
			isa = PBXGroup;
			children = (
				BABE48862501EA5700A5AB12 /* PullRequestViewController.swift */,
				BABE48822501EA3F00A5AB12 /* PullRequestCell.swift */,
				BABE48832501EA3F00A5AB12 /* PullRequestCell.xib */,
			);
			path = "Pull Request";
			sourceTree = "<group>";
		};
		BAC5D28124F3C13800A731F0 = {
			isa = PBXGroup;
			children = (
				BAC5D28C24F3C13800A731F0 /* SwifthubTPS */,
				BAC5D28B24F3C13800A731F0 /* Products */,
				2F3103FAEF1E6F39D7679279 /* Pods */,
				B0EAF795F3E1B244252E4A62 /* Frameworks */,
			);
			sourceTree = "<group>";
		};
		BAC5D28B24F3C13800A731F0 /* Products */ = {
			isa = PBXGroup;
			children = (
				BAC5D28A24F3C13800A731F0 /* SwifthubTPS.app */,
			);
			name = Products;
			sourceTree = "<group>";
		};
		BAC5D28C24F3C13800A731F0 /* SwifthubTPS */ = {
			isa = PBXGroup;
			children = (
				BAC5D2A324F3C1A400A731F0 /* Application */,
				BAB7870424F8F419002779B2 /* Commons */,
				BA3D105F24F750FC0079C5A1 /* Extensions */,
				BAD3886E24F60B370045C10E /* Models */,
				BAC5D2A524F3C21900A731F0 /* Modules */,
				BA3D105C24F620530079C5A1 /* Networking */,
				BAC5D2A424F3C1B300A731F0 /* Resources */,
			);
			path = SwifthubTPS;
			sourceTree = "<group>";
		};
		BAC5D2A324F3C1A400A731F0 /* Application */ = {
			isa = PBXGroup;
			children = (
				BAC5D28F24F3C13800A731F0 /* SceneDelegate.swift */,
				BAC5D28D24F3C13800A731F0 /* AppDelegate.swift */,
			);
			path = Application;
			sourceTree = "<group>";
		};
		BAC5D2A424F3C1B300A731F0 /* Resources */ = {
			isa = PBXGroup;
			children = (
				BAC5D29824F3C13B00A731F0 /* Assets.xcassets */,
				BAC5D2AB24F5215D00A731F0 /* Icons.xcassets */,
				BAC5D29D24F3C13B00A731F0 /* Info.plist */,
				BA3D105D24F647820079C5A1 /* RegisterTableViewCell.swift */,
				BAB51E6224FDFDDD005A4F7D /* StoryboardIdentifier.swift */,
				BAB51E6824FE3DF2005A4F7D /* ImageName.swift */,
			);
			path = Resources;
			sourceTree = "<group>";
		};
		BAC5D2A524F3C21900A731F0 /* Modules */ = {
			isa = PBXGroup;
			children = (
				BAFF23622502219D00843E38 /* Branches */,
				BAFF2370250237DF00843E38 /* Contributor */,
				BAFF235B2501F62900843E38 /* Commit */,
				BAFF23772502401D00843E38 /* Event */,
				BABE487A2500DBE400A5AB12 /* Issue */,
				BAB786F924F8A6CE002779B2 /* Language */,
				BA3D105A24F61FF10079C5A1 /* Login */,
				BAC5D2AA24F5204400A731F0 /* Main */,
				BAB3169925088043000CF50C /* Notification */,
				BABE48812501EA0200A5AB12 /* Pull Request */,
				BAFF236725022F3200843E38 /* Release */,
				BAB51E5F24FDFC26005A4F7D /* Repository */,
				BAD3886624F608BD0045C10E /* Search */,
				BA3D105B24F61FFE0079C5A1 /* Setting */,
				BAFF2387250255F800843E38 /* Star */,
				BABE486E2500A29800A5AB12 /* User */,
				BAB8542D2505D23F00ABDD49 /* Watching */,
			);
			path = Modules;
			sourceTree = "<group>";
		};
		BAC5D2AA24F5204400A731F0 /* Main */ = {
			isa = PBXGroup;
			children = (
				BAC5D29A24F3C13B00A731F0 /* LaunchScreen.storyboard */,
				BAC5D29524F3C13800A731F0 /* Main.storyboard */,
			);
			path = Main;
			sourceTree = "<group>";
		};
		BAD3886624F608BD0045C10E /* Search */ = {
			isa = PBXGroup;
			children = (
				BAC5D29124F3C13800A731F0 /* SearchViewController.swift */,
				BAD3886A24F60A790045C10E /* RepositoryCell.swift */,
				BAD3886B24F60A790045C10E /* RepositoryCell.xib */,
				BA6C5A5824F7B91400971F23 /* UserCell.swift */,
				BA6C5A5924F7B91400971F23 /* UserCell.xib */,
			);
			path = Search;
			sourceTree = "<group>";
		};
		BAD3886E24F60B370045C10E /* Models */ = {
			isa = PBXGroup;
			children = (
				BAFF2365250226F600843E38 /* Branch.swift */,
				BAFF237F250243F400843E38 /* Comment.swift */,
				BAFF23572501F48E00843E38 /* Commit.swift */,
				BAFF23592501F4C600843E38 /* Committer.swift */,
				BAFF237D2502438F00843E38 /* Event.swift */,
				BABE48742500D87800A5AB12 /* Issue.swift */,
				BAB7870224F8B453002779B2 /* Language.swift */,
				BABE48782500DB8A00A5AB12 /* PullRequest.swift */,
				BAFF236E250231B200843E38 /* Release.swift */,
				BAD3886F24F60B830045C10E /* Repository.swift */,
				BABE48762500DB4E00A5AB12 /* State.swift */,
				BA3D105824F616550079C5A1 /* User.swift */,
				BA9D5BA22508CBAE00DAF998 /* Notification.swift */,
			);
			path = Models;
			sourceTree = "<group>";
		};
		BAFF235B2501F62900843E38 /* Commit */ = {
			isa = PBXGroup;
			children = (
				BAFF235C2501F64200843E38 /* CommitViewController.swift */,
				BAFF235E2501F65F00843E38 /* CommitCell.swift */,
				BAFF235F2501F65F00843E38 /* CommitCell.xib */,
			);
			path = Commit;
			sourceTree = "<group>";
		};
		BAFF23622502219D00843E38 /* Branches */ = {
			isa = PBXGroup;
			children = (
				BAFF2363250221C600843E38 /* BranchViewController.swift */,
			);
			path = Branches;
			sourceTree = "<group>";
		};
		BAFF236725022F3200843E38 /* Release */ = {
			isa = PBXGroup;
			children = (
				BAFF236825022F5700843E38 /* ReleaseViewController.swift */,
				BAFF236A25022F7C00843E38 /* ReleaseCell.swift */,
				BAFF236B25022F7C00843E38 /* ReleaseCell.xib */,
			);
			path = Release;
			sourceTree = "<group>";
		};
		BAFF2370250237DF00843E38 /* Contributor */ = {
			isa = PBXGroup;
			children = (
				BAFF23752502381A00843E38 /* ContributorViewController.swift */,
				BAFF23712502380300843E38 /* ContributorCell.swift */,
				BAFF23722502380300843E38 /* ContributorCell.xib */,
			);
			path = Contributor;
			sourceTree = "<group>";
		};
		BAFF23772502401D00843E38 /* Event */ = {
			isa = PBXGroup;
			children = (
				BAFF23782502408900843E38 /* RepositoryEventViewController.swift */,
				BAB854302505DF5300ABDD49 /* UserEventViewController.swift */,
				BAFF238325024D4A00843E38 /* EventCell.swift */,
				BAFF238425024D4A00843E38 /* EventCell.xib */,
			);
			path = Event;
			sourceTree = "<group>";
		};
		BAFF2387250255F800843E38 /* Star */ = {
			isa = PBXGroup;
			children = (
				BAFF23882502562200843E38 /* StarViewController.swift */,
			);
			path = Star;
			sourceTree = "<group>";
		};
/* End PBXGroup section */

/* Begin PBXNativeTarget section */
		BAC5D28924F3C13800A731F0 /* SwifthubTPS */ = {
			isa = PBXNativeTarget;
			buildConfigurationList = BAC5D2A024F3C13B00A731F0 /* Build configuration list for PBXNativeTarget "SwifthubTPS" */;
			buildPhases = (
				AF1B0E9B90DEBB6FF46D0BE2 /* [CP] Check Pods Manifest.lock */,
				BAC5D28624F3C13800A731F0 /* Sources */,
				BAC5D28724F3C13800A731F0 /* Frameworks */,
				BAC5D28824F3C13800A731F0 /* Resources */,
				66AD49951B8E88C797536548 /* [CP] Embed Pods Frameworks */,
			);
			buildRules = (
			);
			dependencies = (
			);
			name = SwifthubTPS;
			productName = SwifthubTPS;
			productReference = BAC5D28A24F3C13800A731F0 /* SwifthubTPS.app */;
			productType = "com.apple.product-type.application";
		};
/* End PBXNativeTarget section */

/* Begin PBXProject section */
		BAC5D28224F3C13800A731F0 /* Project object */ = {
			isa = PBXProject;
			attributes = {
				LastSwiftUpdateCheck = 1150;
				LastUpgradeCheck = 1150;
				ORGANIZATIONNAME = "Trung Tinh";
				TargetAttributes = {
					BAC5D28924F3C13800A731F0 = {
						CreatedOnToolsVersion = 11.5;
					};
				};
			};
			buildConfigurationList = BAC5D28524F3C13800A731F0 /* Build configuration list for PBXProject "SwifthubTPS" */;
			compatibilityVersion = "Xcode 9.3";
			developmentRegion = en;
			hasScannedForEncodings = 0;
			knownRegions = (
				en,
				Base,
			);
			mainGroup = BAC5D28124F3C13800A731F0;
			productRefGroup = BAC5D28B24F3C13800A731F0 /* Products */;
			projectDirPath = "";
			projectRoot = "";
			targets = (
				BAC5D28924F3C13800A731F0 /* SwifthubTPS */,
			);
		};
/* End PBXProject section */

/* Begin PBXResourcesBuildPhase section */
		BAC5D28824F3C13800A731F0 /* Resources */ = {
			isa = PBXResourcesBuildPhase;
			buildActionMask = 2147483647;
			files = (
				BAFF238625024D4A00843E38 /* EventCell.xib in Resources */,
				BABE48802500DC3700A5AB12 /* IssueCell.xib in Resources */,
				BAC5D29C24F3C13B00A731F0 /* LaunchScreen.storyboard in Resources */,
				BAC5D29924F3C13B00A731F0 /* Assets.xcassets in Resources */,
				BAFF23612501F65F00843E38 /* CommitCell.xib in Resources */,
				BA6C5A5B24F7B91400971F23 /* UserCell.xib in Resources */,
				BAFF236D25022F7C00843E38 /* ReleaseCell.xib in Resources */,
				BAFF23742502380400843E38 /* ContributorCell.xib in Resources */,
				BAB7871024F91619002779B2 /* NoResultCell.xib in Resources */,
				BAB51E6724FE26D1005A4F7D /* DetailCell.xib in Resources */,
				BA9D5BA92508D7D800DAF998 /* NotificationCell.xib in Resources */,
				BABE48852501EA3F00A5AB12 /* PullRequestCell.xib in Resources */,
				BAB7870124F8AB11002779B2 /* LanguageCell.xib in Resources */,
				BAC5D2AC24F5215D00A731F0 /* Icons.xcassets in Resources */,
				BAD3886D24F60A790045C10E /* RepositoryCell.xib in Resources */,
				BAB7870924F8F43F002779B2 /* LoadingCell.xib in Resources */,
				BAC5D29724F3C13800A731F0 /* Main.storyboard in Resources */,
			);
			runOnlyForDeploymentPostprocessing = 0;
		};
/* End PBXResourcesBuildPhase section */

/* Begin PBXShellScriptBuildPhase section */
		66AD49951B8E88C797536548 /* [CP] Embed Pods Frameworks */ = {
			isa = PBXShellScriptBuildPhase;
			buildActionMask = 2147483647;
			files = (
			);
			inputFileListPaths = (
				"${PODS_ROOT}/Target Support Files/Pods-SwifthubTPS/Pods-SwifthubTPS-frameworks-${CONFIGURATION}-input-files.xcfilelist",
			);
			name = "[CP] Embed Pods Frameworks";
			outputFileListPaths = (
				"${PODS_ROOT}/Target Support Files/Pods-SwifthubTPS/Pods-SwifthubTPS-frameworks-${CONFIGURATION}-output-files.xcfilelist",
			);
			runOnlyForDeploymentPostprocessing = 0;
			shellPath = /bin/sh;
			shellScript = "\"${PODS_ROOT}/Target Support Files/Pods-SwifthubTPS/Pods-SwifthubTPS-frameworks.sh\"\n";
			showEnvVarsInLog = 0;
		};
		AF1B0E9B90DEBB6FF46D0BE2 /* [CP] Check Pods Manifest.lock */ = {
			isa = PBXShellScriptBuildPhase;
			buildActionMask = 2147483647;
			files = (
			);
			inputFileListPaths = (
			);
			inputPaths = (
				"${PODS_PODFILE_DIR_PATH}/Podfile.lock",
				"${PODS_ROOT}/Manifest.lock",
			);
			name = "[CP] Check Pods Manifest.lock";
			outputFileListPaths = (
			);
			outputPaths = (
				"$(DERIVED_FILE_DIR)/Pods-SwifthubTPS-checkManifestLockResult.txt",
			);
			runOnlyForDeploymentPostprocessing = 0;
			shellPath = /bin/sh;
			shellScript = "diff \"${PODS_PODFILE_DIR_PATH}/Podfile.lock\" \"${PODS_ROOT}/Manifest.lock\" > /dev/null\nif [ $? != 0 ] ; then\n    # print error to STDERR\n    echo \"error: The sandbox is not in sync with the Podfile.lock. Run 'pod install' or update your CocoaPods installation.\" >&2\n    exit 1\nfi\n# This output is used by Xcode 'outputs' to avoid re-running this script phase.\necho \"SUCCESS\" > \"${SCRIPT_OUTPUT_FILE_0}\"\n";
			showEnvVarsInLog = 0;
		};
/* End PBXShellScriptBuildPhase section */

/* Begin PBXSourcesBuildPhase section */
		BAC5D28624F3C13800A731F0 /* Sources */ = {
			isa = PBXSourcesBuildPhase;
			buildActionMask = 2147483647;
			files = (
				BABE487C2500DBFF00A5AB12 /* IssueViewController.swift in Sources */,
				BA3D106224F751500079C5A1 /* Foundation.swift in Sources */,
				BAFF235A2501F4C600843E38 /* Committer.swift in Sources */,
				BAB8542F2505D27100ABDD49 /* WatchingViewController.swift in Sources */,
				BAFF23582501F48E00843E38 /* Commit.swift in Sources */,
				BAFF23602501F65F00843E38 /* CommitCell.swift in Sources */,
				BAFF23792502408900843E38 /* RepositoryEventViewController.swift in Sources */,
				BAB7870024F8AB11002779B2 /* LanguageCell.swift in Sources */,
				BAFF236925022F5700843E38 /* ReleaseViewController.swift in Sources */,
				BAB51E6324FDFDDD005A4F7D /* StoryboardIdentifier.swift in Sources */,
				BAB7870C24F91367002779B2 /* UIViewController.swift in Sources */,
				BAB3169B25088068000CF50C /* NotificationViewController.swift in Sources */,
				BABE487F2500DC3700A5AB12 /* IssueCell.swift in Sources */,
				BABE48732500C77A00A5AB12 /* UINavigationItem.swift in Sources */,
				BAD3886C24F60A790045C10E /* RepositoryCell.swift in Sources */,
				BAC5D29424F3C13800A731F0 /* LoginViewController.swift in Sources */,
				BAFF236F250231B200843E38 /* Release.swift in Sources */,
				BAB854312505DF5300ABDD49 /* UserEventViewController.swift in Sources */,
				BAB51E6924FE3DF2005A4F7D /* ImageName.swift in Sources */,
				BA9C844325072E5D00B65818 /* WebviewViewController.swift in Sources */,
				BAC5D29224F3C13800A731F0 /* SearchViewController.swift in Sources */,
				BA9C844A250788BA00B65818 /* MainTabBarController.swift in Sources */,
				BA6C5A5724F79EDD00971F23 /* TrendingGithubAPI.swift in Sources */,
				BAB786FB24F8A6FF002779B2 /* LanguageViewController.swift in Sources */,
				BAB51E6624FE26D1005A4F7D /* DetailCell.swift in Sources */,
				BA3D106A24F76D2D0079C5A1 /* Router.swift in Sources */,
				BAB7870324F8B453002779B2 /* Language.swift in Sources */,
				BAFF2366250226F600843E38 /* Branch.swift in Sources */,
				BABE48792500DB8A00A5AB12 /* PullRequest.swift in Sources */,
				BAB51E6124FDFD04005A4F7D /* RepositoryViewController.swift in Sources */,
				BAFF237E2502438F00843E38 /* Event.swift in Sources */,
				BAFF236C25022F7C00843E38 /* ReleaseCell.swift in Sources */,
				BAB7870F24F91619002779B2 /* NoResultCell.swift in Sources */,
				BAFF238525024D4A00843E38 /* EventCell.swift in Sources */,
				BAB51E5C24FC9895005A4F7D /* GithubAPI.swift in Sources */,
				BA6C5A5A24F7B91400971F23 /* UserCell.swift in Sources */,
				BA9C84472507308400B65818 /* GitHubAuthentication.swift in Sources */,
				BAC5D28E24F3C13800A731F0 /* AppDelegate.swift in Sources */,
				BABE48842501EA3F00A5AB12 /* PullRequestCell.swift in Sources */,
				BABE48772500DB4E00A5AB12 /* State.swift in Sources */,
				BAB7870824F8F43F002779B2 /* LoadingCell.swift in Sources */,
				BABE48872501EA5700A5AB12 /* PullRequestViewController.swift in Sources */,
				BAC5D29024F3C13800A731F0 /* SceneDelegate.swift in Sources */,
				BAFF2364250221C600843E38 /* BranchViewController.swift in Sources */,
				BAD3887024F60B830045C10E /* Repository.swift in Sources */,
				BAFF23762502381A00843E38 /* ContributorViewController.swift in Sources */,
				BAB3169825087FAF000CF50C /* SettingViewController.swift in Sources */,
				BABE48702500A2CF00A5AB12 /* UserViewController.swift in Sources */,
				BA3D105E24F647820079C5A1 /* RegisterTableViewCell.swift in Sources */,
				BA3D105924F616550079C5A1 /* User.swift in Sources */,
				BA9D5BA82508D7D800DAF998 /* NotificationCell.swift in Sources */,
				BA9D5BA32508CBAE00DAF998 /* Notification.swift in Sources */,
				BAFF2380250243F400843E38 /* Comment.swift in Sources */,
				BAFF235D2501F64200843E38 /* CommitViewController.swift in Sources */,
				BA3D106824F763D50079C5A1 /* UIImageView+DownloadImage.swift in Sources */,
				BAFF23732502380400843E38 /* ContributorCell.swift in Sources */,
				BAFF23892502562200843E38 /* StarViewController.swift in Sources */,
				BABE48752500D87800A5AB12 /* Issue.swift in Sources */,
			);
			runOnlyForDeploymentPostprocessing = 0;
		};
/* End PBXSourcesBuildPhase section */

/* Begin PBXVariantGroup section */
		BAC5D29524F3C13800A731F0 /* Main.storyboard */ = {
			isa = PBXVariantGroup;
			children = (
				BAC5D29624F3C13800A731F0 /* Base */,
			);
			name = Main.storyboard;
			sourceTree = "<group>";
		};
		BAC5D29A24F3C13B00A731F0 /* LaunchScreen.storyboard */ = {
			isa = PBXVariantGroup;
			children = (
				BAC5D29B24F3C13B00A731F0 /* Base */,
			);
			name = LaunchScreen.storyboard;
			sourceTree = "<group>";
		};
/* End PBXVariantGroup section */

/* Begin XCBuildConfiguration section */
		BAC5D29E24F3C13B00A731F0 /* Debug */ = {
			isa = XCBuildConfiguration;
			buildSettings = {
				ALWAYS_SEARCH_USER_PATHS = NO;
				CLANG_ANALYZER_NONNULL = YES;
				CLANG_ANALYZER_NUMBER_OBJECT_CONVERSION = YES_AGGRESSIVE;
				CLANG_CXX_LANGUAGE_STANDARD = "gnu++14";
				CLANG_CXX_LIBRARY = "libc++";
				CLANG_ENABLE_MODULES = YES;
				CLANG_ENABLE_OBJC_ARC = YES;
				CLANG_ENABLE_OBJC_WEAK = YES;
				CLANG_WARN_BLOCK_CAPTURE_AUTORELEASING = YES;
				CLANG_WARN_BOOL_CONVERSION = YES;
				CLANG_WARN_COMMA = YES;
				CLANG_WARN_CONSTANT_CONVERSION = YES;
				CLANG_WARN_DEPRECATED_OBJC_IMPLEMENTATIONS = YES;
				CLANG_WARN_DIRECT_OBJC_ISA_USAGE = YES_ERROR;
				CLANG_WARN_DOCUMENTATION_COMMENTS = YES;
				CLANG_WARN_EMPTY_BODY = YES;
				CLANG_WARN_ENUM_CONVERSION = YES;
				CLANG_WARN_INFINITE_RECURSION = YES;
				CLANG_WARN_INT_CONVERSION = YES;
				CLANG_WARN_NON_LITERAL_NULL_CONVERSION = YES;
				CLANG_WARN_OBJC_IMPLICIT_RETAIN_SELF = YES;
				CLANG_WARN_OBJC_LITERAL_CONVERSION = YES;
				CLANG_WARN_OBJC_ROOT_CLASS = YES_ERROR;
				CLANG_WARN_RANGE_LOOP_ANALYSIS = YES;
				CLANG_WARN_STRICT_PROTOTYPES = YES;
				CLANG_WARN_SUSPICIOUS_MOVE = YES;
				CLANG_WARN_UNGUARDED_AVAILABILITY = YES_AGGRESSIVE;
				CLANG_WARN_UNREACHABLE_CODE = YES;
				CLANG_WARN__DUPLICATE_METHOD_MATCH = YES;
				COPY_PHASE_STRIP = NO;
				DEBUG_INFORMATION_FORMAT = dwarf;
				ENABLE_STRICT_OBJC_MSGSEND = YES;
				ENABLE_TESTABILITY = YES;
				GCC_C_LANGUAGE_STANDARD = gnu11;
				GCC_DYNAMIC_NO_PIC = NO;
				GCC_NO_COMMON_BLOCKS = YES;
				GCC_OPTIMIZATION_LEVEL = 0;
				GCC_PREPROCESSOR_DEFINITIONS = (
					"DEBUG=1",
					"$(inherited)",
				);
				GCC_WARN_64_TO_32_BIT_CONVERSION = YES;
				GCC_WARN_ABOUT_RETURN_TYPE = YES_ERROR;
				GCC_WARN_UNDECLARED_SELECTOR = YES;
				GCC_WARN_UNINITIALIZED_AUTOS = YES_AGGRESSIVE;
				GCC_WARN_UNUSED_FUNCTION = YES;
				GCC_WARN_UNUSED_VARIABLE = YES;
				IPHONEOS_DEPLOYMENT_TARGET = 13.5;
				MTL_ENABLE_DEBUG_INFO = INCLUDE_SOURCE;
				MTL_FAST_MATH = YES;
				ONLY_ACTIVE_ARCH = YES;
				SDKROOT = iphoneos;
				SWIFT_ACTIVE_COMPILATION_CONDITIONS = DEBUG;
				SWIFT_OPTIMIZATION_LEVEL = "-Onone";
			};
			name = Debug;
		};
		BAC5D29F24F3C13B00A731F0 /* Release */ = {
			isa = XCBuildConfiguration;
			buildSettings = {
				ALWAYS_SEARCH_USER_PATHS = NO;
				CLANG_ANALYZER_NONNULL = YES;
				CLANG_ANALYZER_NUMBER_OBJECT_CONVERSION = YES_AGGRESSIVE;
				CLANG_CXX_LANGUAGE_STANDARD = "gnu++14";
				CLANG_CXX_LIBRARY = "libc++";
				CLANG_ENABLE_MODULES = YES;
				CLANG_ENABLE_OBJC_ARC = YES;
				CLANG_ENABLE_OBJC_WEAK = YES;
				CLANG_WARN_BLOCK_CAPTURE_AUTORELEASING = YES;
				CLANG_WARN_BOOL_CONVERSION = YES;
				CLANG_WARN_COMMA = YES;
				CLANG_WARN_CONSTANT_CONVERSION = YES;
				CLANG_WARN_DEPRECATED_OBJC_IMPLEMENTATIONS = YES;
				CLANG_WARN_DIRECT_OBJC_ISA_USAGE = YES_ERROR;
				CLANG_WARN_DOCUMENTATION_COMMENTS = YES;
				CLANG_WARN_EMPTY_BODY = YES;
				CLANG_WARN_ENUM_CONVERSION = YES;
				CLANG_WARN_INFINITE_RECURSION = YES;
				CLANG_WARN_INT_CONVERSION = YES;
				CLANG_WARN_NON_LITERAL_NULL_CONVERSION = YES;
				CLANG_WARN_OBJC_IMPLICIT_RETAIN_SELF = YES;
				CLANG_WARN_OBJC_LITERAL_CONVERSION = YES;
				CLANG_WARN_OBJC_ROOT_CLASS = YES_ERROR;
				CLANG_WARN_RANGE_LOOP_ANALYSIS = YES;
				CLANG_WARN_STRICT_PROTOTYPES = YES;
				CLANG_WARN_SUSPICIOUS_MOVE = YES;
				CLANG_WARN_UNGUARDED_AVAILABILITY = YES_AGGRESSIVE;
				CLANG_WARN_UNREACHABLE_CODE = YES;
				CLANG_WARN__DUPLICATE_METHOD_MATCH = YES;
				COPY_PHASE_STRIP = NO;
				DEBUG_INFORMATION_FORMAT = "dwarf-with-dsym";
				ENABLE_NS_ASSERTIONS = NO;
				ENABLE_STRICT_OBJC_MSGSEND = YES;
				GCC_C_LANGUAGE_STANDARD = gnu11;
				GCC_NO_COMMON_BLOCKS = YES;
				GCC_WARN_64_TO_32_BIT_CONVERSION = YES;
				GCC_WARN_ABOUT_RETURN_TYPE = YES_ERROR;
				GCC_WARN_UNDECLARED_SELECTOR = YES;
				GCC_WARN_UNINITIALIZED_AUTOS = YES_AGGRESSIVE;
				GCC_WARN_UNUSED_FUNCTION = YES;
				GCC_WARN_UNUSED_VARIABLE = YES;
				IPHONEOS_DEPLOYMENT_TARGET = 13.5;
				MTL_ENABLE_DEBUG_INFO = NO;
				MTL_FAST_MATH = YES;
				SDKROOT = iphoneos;
				SWIFT_COMPILATION_MODE = wholemodule;
				SWIFT_OPTIMIZATION_LEVEL = "-O";
				VALIDATE_PRODUCT = YES;
			};
			name = Release;
		};
		BAC5D2A124F3C13B00A731F0 /* Debug */ = {
			isa = XCBuildConfiguration;
			baseConfigurationReference = AD005EBAC607AE0125388ABD /* Pods-SwifthubTPS.debug.xcconfig */;
			buildSettings = {
				ASSETCATALOG_COMPILER_APPICON_NAME = AppIcon;
				CODE_SIGN_STYLE = Automatic;
				INFOPLIST_FILE = SwifthubTPS/Resources/Info.plist;
				LD_RUNPATH_SEARCH_PATHS = (
					"$(inherited)",
					"@executable_path/Frameworks",
				);
				PRODUCT_BUNDLE_IDENTIFIER = tpssoft.SwifthubTPS;
				PRODUCT_NAME = "$(TARGET_NAME)";
				SWIFT_VERSION = 5.0;
				TARGETED_DEVICE_FAMILY = "1,2";
			};
			name = Debug;
		};
		BAC5D2A224F3C13B00A731F0 /* Release */ = {
			isa = XCBuildConfiguration;
			baseConfigurationReference = 29EE408D9F0E788EDF35D898 /* Pods-SwifthubTPS.release.xcconfig */;
			buildSettings = {
				ASSETCATALOG_COMPILER_APPICON_NAME = AppIcon;
				CODE_SIGN_STYLE = Automatic;
				INFOPLIST_FILE = SwifthubTPS/Resources/Info.plist;
				LD_RUNPATH_SEARCH_PATHS = (
					"$(inherited)",
					"@executable_path/Frameworks",
				);
				PRODUCT_BUNDLE_IDENTIFIER = tpssoft.SwifthubTPS;
				PRODUCT_NAME = "$(TARGET_NAME)";
				SWIFT_VERSION = 5.0;
				TARGETED_DEVICE_FAMILY = "1,2";
			};
			name = Release;
		};
/* End XCBuildConfiguration section */

/* Begin XCConfigurationList section */
		BAC5D28524F3C13800A731F0 /* Build configuration list for PBXProject "SwifthubTPS" */ = {
			isa = XCConfigurationList;
			buildConfigurations = (
				BAC5D29E24F3C13B00A731F0 /* Debug */,
				BAC5D29F24F3C13B00A731F0 /* Release */,
			);
			defaultConfigurationIsVisible = 0;
			defaultConfigurationName = Release;
		};
		BAC5D2A024F3C13B00A731F0 /* Build configuration list for PBXNativeTarget "SwifthubTPS" */ = {
			isa = XCConfigurationList;
			buildConfigurations = (
				BAC5D2A124F3C13B00A731F0 /* Debug */,
				BAC5D2A224F3C13B00A731F0 /* Release */,
			);
			defaultConfigurationIsVisible = 0;
			defaultConfigurationName = Release;
		};
/* End XCConfigurationList section */
	};
	rootObject = BAC5D28224F3C13800A731F0 /* Project object */;
}
